<?xml version="1.0" encoding="utf-8"?>
<Project ToolsVersion="4.0" xmlns="http://schemas.microsoft.com/developer/msbuild/2003">
  <ItemGroup>
    <ClInclude Include="$(MSBuildThisFileDirectory)AngryCloneMain.h" />
    <ClInclude Include="$(MSBuildThisFileDirectory)pch.h" />
    <ClInclude Include="$(MSBuildThisFileDirectory)Common\DirectXHelper.h">
      <Filter>Common</Filter>
    </ClInclude>
    <ClInclude Include="$(MSBuildThisFileDirectory)Common\StepTimer.h">
      <Filter>Common</Filter>
    </ClInclude>
    <ClInclude Include="$(MSBuildThisFileDirectory)Common\DeviceResources.h">
      <Filter>Common</Filter>
    </ClInclude>
    <ClInclude Include="$(MSBuildThisFileDirectory)Content\Sample3DSceneRenderer.h">
      <Filter>Content</Filter>
    </ClInclude>
    <ClInclude Include="$(MSBuildThisFileDirectory)Content\SampleFpsTextRenderer.h">
      <Filter>Content</Filter>
    </ClInclude>
    <ClInclude Include="$(MSBuildThisFileDirectory)Direct3DBase.h">
      <Filter>Merger</Filter>
    </ClInclude>
    <ClInclude Include="$(MSBuildThisFileDirectory)CubeRenderer.h">
      <Filter>Merger</Filter>
    </ClInclude>
    <ClInclude Include="$(MSBuildThisFileDirectory)ModelFileHandler.h">
      <Filter>Model_Loader</Filter>
    </ClInclude>
    <ClInclude Include="$(MSBuildThisFileDirectory)Cube.h">
      <Filter>Level_1</Filter>
    </ClInclude>
    <ClInclude Include="$(MSBuildThisFileDirectory)CubeMotionState.h">
      <Filter>Level_1</Filter>
    </ClInclude>
    <ClInclude Include="$(MSBuildThisFileDirectory)Level.h">
      <Filter>Level_1</Filter>
    </ClInclude>
    <ClInclude Include="$(MSBuildThisFileDirectory)MyRenderer.h">
      <Filter>Level_1</Filter>
    </ClInclude>
    <ClInclude Include="$(MSBuildThisFileDirectory)Physics.h">
      <Filter>Level_1</Filter>
    </ClInclude>
    <ClInclude Include="$(MSBuildThisFileDirectory)ExtraLargeRectangleRenderer.h">
      <Filter>Level_1</Filter>
    </ClInclude>
    <ClInclude Include="$(MSBuildThisFileDirectory)SmallRectangleRenderer.h">
      <Filter>Level_1</Filter>
    </ClInclude>
    <ClInclude Include="$(MSBuildThisFileDirectory)NormallRectangleRenderer.h">
      <Filter>Level_1</Filter>
    </ClInclude>
    <ClInclude Include="$(MSBuildThisFileDirectory)LargeRectangleRenderer.h">
      <Filter>Level_1</Filter>
    </ClInclude>
    <ClInclude Include="$(MSBuildThisFileDirectory)Ammo.h">
      <Filter>Level_1</Filter>
    </ClInclude>
    <ClInclude Include="$(MSBuildThisFileDirectory)AmmoMotionState.h">
      <Filter>Level_1</Filter>
    </ClInclude>
    <ClInclude Include="$(MSBuildThisFileDirectory)AmmoRenderer.h">
      <Filter>Level_1</Filter>
    </ClInclude>
    <ClInclude Include="$(MSBuildThisFileDirectory)PseudoSphereRenderer.h">
      <Filter>Level_1</Filter>
    </ClInclude>
    <ClInclude Include="$(MSBuildThisFileDirectory)PseudoSphereMotionState.h">
      <Filter>Level_1</Filter>
    </ClInclude>
    <ClInclude Include="$(MSBuildThisFileDirectory)PseudoSphere.h">
      <Filter>Level_1</Filter>
    </ClInclude>
    <ClInclude Include="$(MSBuildThisFileDirectory)BasicReaderWriter.h">
      <Filter>Common</Filter>
    </ClInclude>
    <ClInclude Include="$(MSBuildThisFileDirectory)DDSTextureLoader_old.h">
      <Filter>Common</Filter>
    </ClInclude>
  </ItemGroup>
  <ItemGroup>
    <ClCompile Include="$(MSBuildThisFileDirectory)AngryCloneMain.cpp" />
    <ClCompile Include="$(MSBuildThisFileDirectory)pch.cpp" />
    <ClCompile Include="$(MSBuildThisFileDirectory)Common\DeviceResources.cpp">
      <Filter>Common</Filter>
    </ClCompile>
    <ClCompile Include="$(MSBuildThisFileDirectory)Content\Sample3DSceneRenderer.cpp">
      <Filter>Content</Filter>
    </ClCompile>
    <ClCompile Include="$(MSBuildThisFileDirectory)Content\SampleFpsTextRenderer.cpp">
      <Filter>Content</Filter>
    </ClCompile>
    <ClCompile Include="$(MSBuildThisFileDirectory)Direct3DBase.cpp">
      <Filter>Merger</Filter>
    </ClCompile>
    <ClCompile Include="$(MSBuildThisFileDirectory)CubeRenderer.cpp">
      <Filter>Merger</Filter>
    </ClCompile>
    <ClCompile Include="$(MSBuildThisFileDirectory)ModelFileHandler.cpp">
      <Filter>Model_Loader</Filter>
    </ClCompile>
    <ClCompile Include="$(MSBuildThisFileDirectory)Cube.cpp">
      <Filter>Level_1</Filter>
    </ClCompile>
    <ClCompile Include="$(MSBuildThisFileDirectory)CubeMotionState.cpp">
      <Filter>Level_1</Filter>
    </ClCompile>
    <ClCompile Include="$(MSBuildThisFileDirectory)Level.cpp">
      <Filter>Level_1</Filter>
    </ClCompile>
    <ClCompile Include="$(MSBuildThisFileDirectory)MyRenderer.cpp">
      <Filter>Level_1</Filter>
    </ClCompile>
    <ClCompile Include="$(MSBuildThisFileDirectory)Physics.cpp">
      <Filter>Level_1</Filter>
    </ClCompile>
    <ClCompile Include="$(MSBuildThisFileDirectory)ExtraLargeRectangleRenderer.cpp">
      <Filter>Level_1</Filter>
    </ClCompile>
    <ClCompile Include="$(MSBuildThisFileDirectory)SmallRectangleRenderer.cpp">
      <Filter>Level_1</Filter>
    </ClCompile>
    <ClCompile Include="$(MSBuildThisFileDirectory)NormallRectangleRenderer.cpp">
      <Filter>Level_1</Filter>
    </ClCompile>
    <ClCompile Include="$(MSBuildThisFileDirectory)LargeRectangleRenderer.cpp">
      <Filter>Level_1</Filter>
    </ClCompile>
    <ClCompile Include="$(MSBuildThisFileDirectory)Ammo.cpp">
      <Filter>Level_1</Filter>
    </ClCompile>
    <ClCompile Include="$(MSBuildThisFileDirectory)AmmoMotionState.cpp">
      <Filter>Level_1</Filter>
    </ClCompile>
    <ClCompile Include="$(MSBuildThisFileDirectory)AmmoRenderer.cpp">
      <Filter>Level_1</Filter>
    </ClCompile>
    <ClCompile Include="$(MSBuildThisFileDirectory)PseudoSphereRenderer.cpp">
      <Filter>Level_1</Filter>
    </ClCompile>
    <ClCompile Include="$(MSBuildThisFileDirectory)PseudoSphereMotionState.cpp">
      <Filter>Level_1</Filter>
    </ClCompile>
    <ClCompile Include="$(MSBuildThisFileDirectory)PseudoSphere.cpp">
      <Filter>Level_1</Filter>
    </ClCompile>
    <ClCompile Include="$(MSBuildThisFileDirectory)BasicReaderWriter.cpp">
      <Filter>Common</Filter>
    </ClCompile>
    <ClCompile Include="$(MSBuildThisFileDirectory)DDSTextureLoader_old.cpp">
      <Filter>Common</Filter>
    </ClCompile>
  </ItemGroup>
  <ItemGroup>
    <FxCompile Include="$(MSBuildThisFileDirectory)Content\SamplePixelShader.hlsl">
      <Filter>Content</Filter>
    </FxCompile>
    <FxCompile Include="$(MSBuildThisFileDirectory)Content\SampleVertexShader.hlsl">
      <Filter>Content</Filter>
    </FxCompile>
    <FxCompile Include="$(MSBuildThisFileDirectory)TexturedVertexShader.hlsl">
      <Filter>Content</Filter>
    </FxCompile>
    <FxCompile Include="$(MSBuildThisFileDirectory)TexturedPixelShader.hlsl">
      <Filter>Content</Filter>
    </FxCompile>
  </ItemGroup>
  <ItemGroup>
    <Filter Include="Common">
      <UniqueIdentifier>{fa6f49ba-81d4-47db-8362-129da1a23a57}</UniqueIdentifier>
    </Filter>
    <Filter Include="Content">
      <UniqueIdentifier>{4a206efb-067c-43d0-812f-b5555ae85039}</UniqueIdentifier>
    </Filter>
    <Filter Include="Merger">
      <UniqueIdentifier>{86d2f10f-1557-45d6-b391-bc1f3b2fb47c}</UniqueIdentifier>
    </Filter>
    <Filter Include="Model_Loader">
      <UniqueIdentifier>{361438fd-609d-4814-bba8-519ed066cfcb}</UniqueIdentifier>
    </Filter>
    <Filter Include="Level_1">
      <UniqueIdentifier>{9bfd3101-99fd-4b35-8717-b875d1b1d154}</UniqueIdentifier>
    </Filter>
  </ItemGroup>
  <ItemGroup>
    <None Include="$(MSBuildThisFileDirectory)texturedata.bin" />
    <None Include="C:\Users\Олександр\AppData\Local\Packages\a5f5ffab-88e8-40fd-8e9e-80a2994ded96_kqgv1awp48cbp\LocalState\tex.bin" />
  </ItemGroup>
</Project>