<?xml version="1.0" encoding="utf-8"?>
<Project ToolsVersion="4.0" xmlns="http://schemas.microsoft.com/developer/msbuild/2003">
  <ItemGroup>
    <ClInclude Include="$(MSBuildThisFileDirectory)AngryCloneMain.h" />
    <ClInclude Include="$(MSBuildThisFileDirectory)pch.h" />
    <ClInclude Include="$(MSBuildThisFileDirectory)Common\DirectXHelper.h">
      <Filter>Common</Filter>
    </ClInclude>
    <ClInclude Include="$(MSBuildThisFileDirectory)Common\StepTimer.h">
      <Filter>Common</Filter>
    </ClInclude>
    <ClInclude Include="$(MSBuildThisFileDirectory)Common\DeviceResources.h">
      <Filter>Common</Filter>
    </ClInclude>
    <ClInclude Include="$(MSBuildThisFileDirectory)Content\SampleFpsTextRenderer.h">
      <Filter>Content</Filter>
    </ClInclude>
    <ClInclude Include="$(MSBuildThisFileDirectory)ModelFileHandler.h">
      <Filter>Model_Loader</Filter>
    </ClInclude>
    <ClInclude Include="$(MSBuildThisFileDirectory)Level.h">
      <Filter>Level_1</Filter>
    </ClInclude>
    <ClInclude Include="$(MSBuildThisFileDirectory)Physics.h">
      <Filter>Level_1</Filter>
    </ClInclude>
    <ClInclude Include="$(MSBuildThisFileDirectory)BasicReaderWriter.h">
      <Filter>Common</Filter>
    </ClInclude>
    <ClInclude Include="$(MSBuildThisFileDirectory)Direct3DBase.h">
      <Filter>Common</Filter>
    </ClInclude>
    <ClInclude Include="$(MSBuildThisFileDirectory)SceneObject.h">
      <Filter>Level_1</Filter>
    </ClInclude>
    <ClInclude Include="$(MSBuildThisFileDirectory)SceneObjectMotionState.h">
      <Filter>Level_1</Filter>
    </ClInclude>
    <ClInclude Include="$(MSBuildThisFileDirectory)SceneObjectRenderer.h">
      <Filter>Level_1</Filter>
    </ClInclude>
  </ItemGroup>
  <ItemGroup>
    <ClCompile Include="$(MSBuildThisFileDirectory)AngryCloneMain.cpp" />
    <ClCompile Include="$(MSBuildThisFileDirectory)pch.cpp" />
    <ClCompile Include="$(MSBuildThisFileDirectory)Common\DeviceResources.cpp">
      <Filter>Common</Filter>
    </ClCompile>
    <ClCompile Include="$(MSBuildThisFileDirectory)Content\SampleFpsTextRenderer.cpp">
      <Filter>Content</Filter>
    </ClCompile>
    <ClCompile Include="$(MSBuildThisFileDirectory)ModelFileHandler.cpp">
      <Filter>Model_Loader</Filter>
    </ClCompile>
    <ClCompile Include="$(MSBuildThisFileDirectory)Level.cpp">
      <Filter>Level_1</Filter>
    </ClCompile>
    <ClCompile Include="$(MSBuildThisFileDirectory)Physics.cpp">
      <Filter>Level_1</Filter>
    </ClCompile>
    <ClCompile Include="$(MSBuildThisFileDirectory)BasicReaderWriter.cpp">
      <Filter>Common</Filter>
    </ClCompile>
    <ClCompile Include="$(MSBuildThisFileDirectory)Direct3DBase.cpp">
      <Filter>Common</Filter>
    </ClCompile>
    <ClCompile Include="$(MSBuildThisFileDirectory)SceneObject.cpp">
      <Filter>Level_1</Filter>
    </ClCompile>
    <ClCompile Include="$(MSBuildThisFileDirectory)SceneObjectMotionState.cpp">
      <Filter>Level_1</Filter>
    </ClCompile>
    <ClCompile Include="$(MSBuildThisFileDirectory)SceneObjectRenderer.cpp">
      <Filter>Level_1</Filter>
    </ClCompile>
  </ItemGroup>
  <ItemGroup>
    <FxCompile Include="$(MSBuildThisFileDirectory)Content\SamplePixelShader.hlsl">
      <Filter>Content</Filter>
    </FxCompile>
    <FxCompile Include="$(MSBuildThisFileDirectory)Content\SampleVertexShader.hlsl">
      <Filter>Content</Filter>
    </FxCompile>
    <FxCompile Include="$(MSBuildThisFileDirectory)TexturedVertexShader.hlsl">
      <Filter>Content</Filter>
    </FxCompile>
    <FxCompile Include="$(MSBuildThisFileDirectory)TexturedPixelShader.hlsl">
      <Filter>Content</Filter>
    </FxCompile>
  </ItemGroup>
  <ItemGroup>
    <Filter Include="Common">
      <UniqueIdentifier>{fa6f49ba-81d4-47db-8362-129da1a23a57}</UniqueIdentifier>
    </Filter>
    <Filter Include="Content">
      <UniqueIdentifier>{4a206efb-067c-43d0-812f-b5555ae85039}</UniqueIdentifier>
    </Filter>
    <Filter Include="Model_Loader">
      <UniqueIdentifier>{361438fd-609d-4814-bba8-519ed066cfcb}</UniqueIdentifier>
    </Filter>
    <Filter Include="Level_1">
      <UniqueIdentifier>{9bfd3101-99fd-4b35-8717-b875d1b1d154}</UniqueIdentifier>
    </Filter>
  </ItemGroup>
  <ItemGroup>
    <None Include="$(MSBuildThisFileDirectory)texturedata.bin" />
    <None Include="C:\Users\Олександр\AppData\Local\Packages\a5f5ffab-88e8-40fd-8e9e-80a2994ded96_kqgv1awp48cbp\LocalState\tex.bin" />
  </ItemGroup>
</Project>